lockfileVersion: '9.0'

settings:
  autoInstallPeers: true
  excludeLinksFromLockfile: false

importers:

  .:
    devDependencies:
      '@bjorn3/browser_wasi_shim':
        specifier: 0.4.2
        version: 0.4.2
      '@zip.js/zip.js':
        specifier: ^2.23.0
        version: 2.23.0
      acorn:
        specifier: 8.19.0
        version: 8.19.0
      playwright-core:
        specifier: ^1.63.0
        version: 1.63.0

packages:

  '@bjorn3/browser_wasi_shim@0.4.2':
    resolution: {integrity: sha512-/iHkCVUG3VbcbmEHn5iIUpIrh7a7WPiwZ3sHy4HZKZzBdSadwdddYDZAII2zBvQYV0Lfi8naZngPCN7WPHI/hA==}

  '@zip.js/zip.js@2.23.0':
    resolution: {integrity: sha512-K5obAqfrO7zhycnCupM9aaoZ9kx0SA0kv7+Z2oOUsdpWquv4s/Z4zyD7AdTqxrK3pgPM+ozaUi8kdRQbCWaIrQ==}
    engines: {bun: '>=0.7.0', deno: '>=1.0.0', node: '>=18.0.0'}

  acorn@8.19.0:
    resolution: {integrity: sha512-oJlA3XiRm7Cyk6qFD2Jn8ak9B7jSy0qy00ADO3+8dpT0LSjFihQYv4C02LFCSYJV3Q37xYwwRy5m+IpIiUzqWw==}
    engines: {node: '>=0.4.0'}
    hasBin: true

  playwright-core@1.63.0:
    resolution: {integrity: sha512-rYCsBF/M5HjUch52bbtVONEFjv6Xu8sm8h72dNlR5bzIE1fvC/bxgspzkjSfU+MweEMmPM8KJebG6nnyxo5mCg==}
    engines: {node: '>=20'}
    hasBin: true

snapshots:

  '@bjorn3/browser_wasi_shim@0.4.2': {}

  '@zip.js/zip.js@2.23.0': {}

  acorn@8.19.0: {}

  playwright-core@1.63.0: {}
