lockfileVersion: '9.0'

settings:
  autoInstallPeers: true
  excludeLinksFromLockfile: false

importers:

  .:
    dependencies:
      '@zip.js/zip.js':
        specifier: ^2.8.23
        version: 2.8.26

packages:

  '@zip.js/zip.js@2.8.26':
    resolution: {integrity: sha512-RQ4h9F6DOiHxpdocUDrOl6xBM+yOtz+LkUol47AVWcfebGBDpZ7w7Xvz9PS24JgXvLGiXXzSAfdCdVy1tPlaFA==}
    engines: {bun: '>=0.7.0', deno: '>=1.0.0', node: '>=18.0.0'}

snapshots:

  '@zip.js/zip.js@2.8.26': {}
