lockfileVersion: '9.0'

settings:
  autoInstallPeers: true
  excludeLinksFromLockfile: false

importers:

  .:
    devDependencies:
      '@bjorn3/browser_wasi_shim':
        specifier: 0.4.2
        version: 0.4.2
      '@zip.js/zip.js':
        specifier: ^2.8.23
        version: 2.8.26
      playwright-core:
        specifier: ^1.59.1
        version: 1.61.1

packages:

  '@bjorn3/browser_wasi_shim@0.4.2':
    resolution: {integrity: sha512-/iHkCVUG3VbcbmEHn5iIUpIrh7a7WPiwZ3sHy4HZKZzBdSadwdddYDZAII2zBvQYV0Lfi8naZngPCN7WPHI/hA==}

  '@zip.js/zip.js@2.8.26':
    resolution: {integrity: sha512-RQ4h9F6DOiHxpdocUDrOl6xBM+yOtz+LkUol47AVWcfebGBDpZ7w7Xvz9PS24JgXvLGiXXzSAfdCdVy1tPlaFA==}
    engines: {bun: '>=0.7.0', deno: '>=1.0.0', node: '>=18.0.0'}

  playwright-core@1.61.1:
    resolution: {integrity: sha512-h7Qlt6m4REp25qvIdvbDtVmD4LqVXfpRxhORv9L0jzETM05p4fuPJ3dKyuSXQxDSbXnmS79HAgi9589lGSpLkg==}
    engines: {node: '>=18'}
    hasBin: true

snapshots:

  '@bjorn3/browser_wasi_shim@0.4.2': {}

  '@zip.js/zip.js@2.8.26': {}

  playwright-core@1.61.1: {}
